
Microsoft Visual Studio Solution File, Format Version 12.00
# Visual Studio Version 17
VisualStudioVersion = 17.3.32929.385
MinimumVisualStudioVersion = 10.0.40219.1
Project("{8BC9CEB8-8B4A-11D0-8D11-00A0C91BC942}") = "Journal", "Journal\Journal.vcxproj", "{A9B0050A-28F1-4ECD-BD17-A2FF62789A46}"
EndProject
Global
	GlobalSection(SolutionConfigurationPlatforms) = preSolution
		Debug|x64 = Debug|x64
		Debug|x86 = Debug|x86
		Release|x64 = Release|x64
		Release|x86 = Release|x86
	EndGlobalSection
	GlobalSection(ProjectConfigurationPlatforms) = postSolution
		{A9B0050A-28F1-4ECD-BD17-A2FF62789A46}.Debug|x64.ActiveCfg = Debug|x64
		{A9B0050A-28F1-4ECD-BD17-A2FF62789A46}.Debug|x64.Build.0 = Debug|x64
		{A9B0050A-28F1-4ECD-BD17-A2FF62789A46}.Debug|x86.ActiveCfg = Debug|Win32
		{A9B0050A-28F1-4ECD-BD17-A2FF62789A46}.Debug|x86.Build.0 = Debug|Win32
		{A9B0050A-28F1-4ECD-BD17-A2FF62789A46}.Release|x64.ActiveCfg = Release|x64
		{A9B0050A-28F1-4ECD-BD17-A2FF62789A46}.Release|x64.Build.0 = Release|x64
		{A9B0050A-28F1-4ECD-BD17-A2FF62789A46}.Release|x86.ActiveCfg = Release|Win32
		{A9B0050A-28F1-4ECD-BD17-A2FF62789A46}.Release|x86.Build.0 = Release|Win32
	EndGlobalSection
	GlobalSection(SolutionProperties) = preSolution
		HideSolutionNode = FALSE
	EndGlobalSection
	GlobalSection(ExtensibilityGlobals) = postSolution
		SolutionGuid = {65A0BC14-D4F8-45DC-9B25-8FAF363DE1C0}
	EndGlobalSection
EndGlobal
